
Microsoft Visual Studio Solution File, Format Version 12.00
# Visual Studio Version 17
VisualStudioVersion = 17.0.31903.59
MinimumVisualStudioVersion = 10.0.40219.1
Project("{2150E333-8FDC-42A3-9474-1A3956D46DE8}") = "Apps", "Apps", "{E6E4987C-0D7B-4A74-AB06-D474BADA951D}"
EndProject
Project("{2150E333-8FDC-42A3-9474-1A3956D46DE8}") = "MySaaS", "MySaaS", "{50ADF24B-2624-447F-B81A-B9DABAFFDC6C}"
EndProject
Project("{2150E333-8FDC-42A3-9474-1A3956D46DE8}") = "Backend", "Backend", "{DB0FB37B-EAD1-4617-93A9-EAB2E6DEE6F2}"
EndProject
Project("{FAE04EC0-301F-11D3-BF4B-00C04F79EFBC}") = "Api", "Apps\MySaaS\Backend\Api\Api.csproj", "{DD439EF9-CA8E-4D0C-8269-6D217B23A028}"
EndProject
Project("{FAE04EC0-301F-11D3-BF4B-00C04F79EFBC}") = "Api.Test", "Apps\MySaaS\Backend\Api.Test\Api.Test.csproj", "{506C4890-298D-4A49-A8C0-FE54041CD748}"
EndProject
Project("{2150E333-8FDC-42A3-9474-1A3956D46DE8}") = "Contexts", "Contexts", "{8C316836-99F5-4CC6-AF76-02EADC65E8A0}"
EndProject
Project("{FAE04EC0-301F-11D3-BF4B-00C04F79EFBC}") = "Shared", "Contexts\Shared\Shared.csproj", "{1F6E0F26-9BCC-4209-A257-6D8B46AAB88E}"
EndProject
Project("{FAE04EC0-301F-11D3-BF4B-00C04F79EFBC}") = "Shared.Test", "Contexts\Shared.Test\Shared.Test.csproj", "{7D772AF1-57D9-4911-BADF-7E3DA0A82E89}"
EndProject
Project("{2150E333-8FDC-42A3-9474-1A3956D46DE8}") = "Ecommerce", "Ecommerce", "{D1D5115A-88D9-4ED1-88F5-E3C40F62C06F}"
EndProject
Project("{FAE04EC0-301F-11D3-BF4B-00C04F79EFBC}") = "Store", "Contexts\Ecommerce\Store\Store.csproj", "{23DFF5D3-A06A-45DA-A48A-ED4707D83766}"
EndProject
Project("{FAE04EC0-301F-11D3-BF4B-00C04F79EFBC}") = "Store.Test", "Contexts\Ecommerce\Store.Test\Store.Test.csproj", "{4718E1C8-4B07-4BC1-9B58-308F9CAC7EAE}"
EndProject
Global
	GlobalSection(SolutionConfigurationPlatforms) = preSolution
		Debug|Any CPU = Debug|Any CPU
		Release|Any CPU = Release|Any CPU
	EndGlobalSection
	GlobalSection(SolutionProperties) = preSolution
		HideSolutionNode = FALSE
	EndGlobalSection
	GlobalSection(ProjectConfigurationPlatforms) = postSolution
		{DD439EF9-CA8E-4D0C-8269-6D217B23A028}.Debug|Any CPU.ActiveCfg = Debug|Any CPU
		{DD439EF9-CA8E-4D0C-8269-6D217B23A028}.Debug|Any CPU.Build.0 = Debug|Any CPU
		{DD439EF9-CA8E-4D0C-8269-6D217B23A028}.Release|Any CPU.ActiveCfg = Release|Any CPU
		{DD439EF9-CA8E-4D0C-8269-6D217B23A028}.Release|Any CPU.Build.0 = Release|Any CPU
		{506C4890-298D-4A49-A8C0-FE54041CD748}.Debug|Any CPU.ActiveCfg = Debug|Any CPU
		{506C4890-298D-4A49-A8C0-FE54041CD748}.Debug|Any CPU.Build.0 = Debug|Any CPU
		{506C4890-298D-4A49-A8C0-FE54041CD748}.Release|Any CPU.ActiveCfg = Release|Any CPU
		{506C4890-298D-4A49-A8C0-FE54041CD748}.Release|Any CPU.Build.0 = Release|Any CPU
		{1F6E0F26-9BCC-4209-A257-6D8B46AAB88E}.Debug|Any CPU.ActiveCfg = Debug|Any CPU
		{1F6E0F26-9BCC-4209-A257-6D8B46AAB88E}.Debug|Any CPU.Build.0 = Debug|Any CPU
		{1F6E0F26-9BCC-4209-A257-6D8B46AAB88E}.Release|Any CPU.ActiveCfg = Release|Any CPU
		{1F6E0F26-9BCC-4209-A257-6D8B46AAB88E}.Release|Any CPU.Build.0 = Release|Any CPU
		{7D772AF1-57D9-4911-BADF-7E3DA0A82E89}.Debug|Any CPU.ActiveCfg = Debug|Any CPU
		{7D772AF1-57D9-4911-BADF-7E3DA0A82E89}.Debug|Any CPU.Build.0 = Debug|Any CPU
		{7D772AF1-57D9-4911-BADF-7E3DA0A82E89}.Release|Any CPU.ActiveCfg = Release|Any CPU
		{7D772AF1-57D9-4911-BADF-7E3DA0A82E89}.Release|Any CPU.Build.0 = Release|Any CPU
		{23DFF5D3-A06A-45DA-A48A-ED4707D83766}.Debug|Any CPU.ActiveCfg = Debug|Any CPU
		{23DFF5D3-A06A-45DA-A48A-ED4707D83766}.Debug|Any CPU.Build.0 = Debug|Any CPU
		{23DFF5D3-A06A-45DA-A48A-ED4707D83766}.Release|Any CPU.ActiveCfg = Release|Any CPU
		{23DFF5D3-A06A-45DA-A48A-ED4707D83766}.Release|Any CPU.Build.0 = Release|Any CPU
		{4718E1C8-4B07-4BC1-9B58-308F9CAC7EAE}.Debug|Any CPU.ActiveCfg = Debug|Any CPU
		{4718E1C8-4B07-4BC1-9B58-308F9CAC7EAE}.Debug|Any CPU.Build.0 = Debug|Any CPU
		{4718E1C8-4B07-4BC1-9B58-308F9CAC7EAE}.Release|Any CPU.ActiveCfg = Release|Any CPU
		{4718E1C8-4B07-4BC1-9B58-308F9CAC7EAE}.Release|Any CPU.Build.0 = Release|Any CPU
	EndGlobalSection
	GlobalSection(NestedProjects) = preSolution
		{50ADF24B-2624-447F-B81A-B9DABAFFDC6C} = {E6E4987C-0D7B-4A74-AB06-D474BADA951D}
		{DB0FB37B-EAD1-4617-93A9-EAB2E6DEE6F2} = {50ADF24B-2624-447F-B81A-B9DABAFFDC6C}
		{DD439EF9-CA8E-4D0C-8269-6D217B23A028} = {DB0FB37B-EAD1-4617-93A9-EAB2E6DEE6F2}
		{506C4890-298D-4A49-A8C0-FE54041CD748} = {DB0FB37B-EAD1-4617-93A9-EAB2E6DEE6F2}
		{1F6E0F26-9BCC-4209-A257-6D8B46AAB88E} = {8C316836-99F5-4CC6-AF76-02EADC65E8A0}
		{7D772AF1-57D9-4911-BADF-7E3DA0A82E89} = {8C316836-99F5-4CC6-AF76-02EADC65E8A0}
		{D1D5115A-88D9-4ED1-88F5-E3C40F62C06F} = {8C316836-99F5-4CC6-AF76-02EADC65E8A0}
		{23DFF5D3-A06A-45DA-A48A-ED4707D83766} = {D1D5115A-88D9-4ED1-88F5-E3C40F62C06F}
		{4718E1C8-4B07-4BC1-9B58-308F9CAC7EAE} = {D1D5115A-88D9-4ED1-88F5-E3C40F62C06F}
	EndGlobalSection
EndGlobal
