
Microsoft Visual Studio Solution File, Format Version 12.00
# Visual Studio Version 17
VisualStudioVersion = 17.0.31903.59
MinimumVisualStudioVersion = 10.0.40219.1
Project("{2150E333-8FDC-42A3-9474-1A3956D46DE8}") = "Apps", "Apps", "{5D07C44A-32C7-49D5-83EB-BC8BD5C7B825}"
EndProject
Project("{2150E333-8FDC-42A3-9474-1A3956D46DE8}") = "MySaaS", "MySaaS", "{8984FF50-C272-498D-9543-48A6048D9CEE}"
EndProject
Project("{2150E333-8FDC-42A3-9474-1A3956D46DE8}") = "Backend", "Backend", "{E0E3EB12-DE34-4FB7-81B3-A2FF42F92EDE}"
EndProject
Project("{FAE04EC0-301F-11D3-BF4B-00C04F79EFBC}") = "Api", "Apps\MySaaS\Backend\Api\Api.csproj", "{DBFF7E40-79F8-4FC8-AD5C-11F117CC8117}"
EndProject
Project("{2150E333-8FDC-42A3-9474-1A3956D46DE8}") = "Contexts", "Contexts", "{813DA1FE-B687-4E6A-8272-2EABDD59DBA6}"
EndProject
Project("{FAE04EC0-301F-11D3-BF4B-00C04F79EFBC}") = "Ecommerce", "Contexts\Ecommerce\Ecommerce.csproj", "{A1FEA1FF-B8E8-4C57-94F4-2A50559119DB}"
EndProject
Project("{FAE04EC0-301F-11D3-BF4B-00C04F79EFBC}") = "Common", "Contexts\Common\Common.csproj", "{3FBE85AD-8E21-4659-8CAD-8FEB4110DE69}"
EndProject
Project("{2150E333-8FDC-42A3-9474-1A3956D46DE8}") = "Tests", "Tests", "{F0C55F01-DBFE-4777-A4E7-4A822A596F47}"
EndProject
Project("{2150E333-8FDC-42A3-9474-1A3956D46DE8}") = "Contexts", "Contexts", "{95E2E109-D167-4B18-AC80-1C26195E99AD}"
EndProject
Project("{FAE04EC0-301F-11D3-BF4B-00C04F79EFBC}") = "Common.UnitTest", "Tests\Contexts\Common.UnitTest\Common.UnitTest.csproj", "{887CF512-C232-4B04-8B23-3BA8D56F3D55}"
EndProject
Project("{FAE04EC0-301F-11D3-BF4B-00C04F79EFBC}") = "Ecommerce.IntegrationTest", "Tests\Contexts\Ecommerce.IntegrationTest\Ecommerce.IntegrationTest.csproj", "{0FCBB473-2E71-4EA3-8DB6-80C3EA1540D0}"
EndProject
Project("{FAE04EC0-301F-11D3-BF4B-00C04F79EFBC}") = "Common.Fixture", "Tests\Contexts\Common.Fixture\Common.Fixture.csproj", "{8B3A4855-C24D-4471-83B4-591BC3C7F43C}"
EndProject
Global
	GlobalSection(SolutionConfigurationPlatforms) = preSolution
		Debug|Any CPU = Debug|Any CPU
		Release|Any CPU = Release|Any CPU
	EndGlobalSection
	GlobalSection(SolutionProperties) = preSolution
		HideSolutionNode = FALSE
	EndGlobalSection
	GlobalSection(ProjectConfigurationPlatforms) = postSolution
		{DBFF7E40-79F8-4FC8-AD5C-11F117CC8117}.Debug|Any CPU.ActiveCfg = Debug|Any CPU
		{DBFF7E40-79F8-4FC8-AD5C-11F117CC8117}.Debug|Any CPU.Build.0 = Debug|Any CPU
		{DBFF7E40-79F8-4FC8-AD5C-11F117CC8117}.Release|Any CPU.ActiveCfg = Release|Any CPU
		{DBFF7E40-79F8-4FC8-AD5C-11F117CC8117}.Release|Any CPU.Build.0 = Release|Any CPU
		{A1FEA1FF-B8E8-4C57-94F4-2A50559119DB}.Debug|Any CPU.ActiveCfg = Debug|Any CPU
		{A1FEA1FF-B8E8-4C57-94F4-2A50559119DB}.Debug|Any CPU.Build.0 = Debug|Any CPU
		{A1FEA1FF-B8E8-4C57-94F4-2A50559119DB}.Release|Any CPU.ActiveCfg = Release|Any CPU
		{A1FEA1FF-B8E8-4C57-94F4-2A50559119DB}.Release|Any CPU.Build.0 = Release|Any CPU
		{3FBE85AD-8E21-4659-8CAD-8FEB4110DE69}.Debug|Any CPU.ActiveCfg = Debug|Any CPU
		{3FBE85AD-8E21-4659-8CAD-8FEB4110DE69}.Debug|Any CPU.Build.0 = Debug|Any CPU
		{3FBE85AD-8E21-4659-8CAD-8FEB4110DE69}.Release|Any CPU.ActiveCfg = Release|Any CPU
		{3FBE85AD-8E21-4659-8CAD-8FEB4110DE69}.Release|Any CPU.Build.0 = Release|Any CPU
		{BC0A851E-C217-43CB-9021-95DA580553FA}.Debug|Any CPU.ActiveCfg = Debug|Any CPU
		{BC0A851E-C217-43CB-9021-95DA580553FA}.Debug|Any CPU.Build.0 = Debug|Any CPU
		{BC0A851E-C217-43CB-9021-95DA580553FA}.Release|Any CPU.ActiveCfg = Release|Any CPU
		{BC0A851E-C217-43CB-9021-95DA580553FA}.Release|Any CPU.Build.0 = Release|Any CPU
		{887CF512-C232-4B04-8B23-3BA8D56F3D55}.Debug|Any CPU.ActiveCfg = Debug|Any CPU
		{887CF512-C232-4B04-8B23-3BA8D56F3D55}.Debug|Any CPU.Build.0 = Debug|Any CPU
		{887CF512-C232-4B04-8B23-3BA8D56F3D55}.Release|Any CPU.ActiveCfg = Release|Any CPU
		{887CF512-C232-4B04-8B23-3BA8D56F3D55}.Release|Any CPU.Build.0 = Release|Any CPU
		{0FCBB473-2E71-4EA3-8DB6-80C3EA1540D0}.Debug|Any CPU.ActiveCfg = Debug|Any CPU
		{0FCBB473-2E71-4EA3-8DB6-80C3EA1540D0}.Debug|Any CPU.Build.0 = Debug|Any CPU
		{0FCBB473-2E71-4EA3-8DB6-80C3EA1540D0}.Release|Any CPU.ActiveCfg = Release|Any CPU
		{0FCBB473-2E71-4EA3-8DB6-80C3EA1540D0}.Release|Any CPU.Build.0 = Release|Any CPU
		{8B3A4855-C24D-4471-83B4-591BC3C7F43C}.Debug|Any CPU.ActiveCfg = Debug|Any CPU
		{8B3A4855-C24D-4471-83B4-591BC3C7F43C}.Debug|Any CPU.Build.0 = Debug|Any CPU
		{8B3A4855-C24D-4471-83B4-591BC3C7F43C}.Release|Any CPU.ActiveCfg = Release|Any CPU
		{8B3A4855-C24D-4471-83B4-591BC3C7F43C}.Release|Any CPU.Build.0 = Release|Any CPU
		{3A0EF5E4-CCB2-4962-B2D1-FEECB2DCB922}.Debug|Any CPU.ActiveCfg = Debug|Any CPU
		{3A0EF5E4-CCB2-4962-B2D1-FEECB2DCB922}.Debug|Any CPU.Build.0 = Debug|Any CPU
		{3A0EF5E4-CCB2-4962-B2D1-FEECB2DCB922}.Release|Any CPU.ActiveCfg = Release|Any CPU
		{3A0EF5E4-CCB2-4962-B2D1-FEECB2DCB922}.Release|Any CPU.Build.0 = Release|Any CPU
	EndGlobalSection
	GlobalSection(NestedProjects) = preSolution
		{8984FF50-C272-498D-9543-48A6048D9CEE} = {5D07C44A-32C7-49D5-83EB-BC8BD5C7B825}
		{E0E3EB12-DE34-4FB7-81B3-A2FF42F92EDE} = {8984FF50-C272-498D-9543-48A6048D9CEE}
		{DBFF7E40-79F8-4FC8-AD5C-11F117CC8117} = {E0E3EB12-DE34-4FB7-81B3-A2FF42F92EDE}
		{A1FEA1FF-B8E8-4C57-94F4-2A50559119DB} = {813DA1FE-B687-4E6A-8272-2EABDD59DBA6}
		{3FBE85AD-8E21-4659-8CAD-8FEB4110DE69} = {813DA1FE-B687-4E6A-8272-2EABDD59DBA6}
		{95E2E109-D167-4B18-AC80-1C26195E99AD} = {F0C55F01-DBFE-4777-A4E7-4A822A596F47}
		{887CF512-C232-4B04-8B23-3BA8D56F3D55} = {95E2E109-D167-4B18-AC80-1C26195E99AD}
		{0FCBB473-2E71-4EA3-8DB6-80C3EA1540D0} = {95E2E109-D167-4B18-AC80-1C26195E99AD}
		{8B3A4855-C24D-4471-83B4-591BC3C7F43C} = {95E2E109-D167-4B18-AC80-1C26195E99AD}
	EndGlobalSection
EndGlobal
