
Microsoft Visual Studio Solution File, Format Version 12.00
# Visual Studio Version 17
VisualStudioVersion = 17.0.31903.59
MinimumVisualStudioVersion = 10.0.40219.1
Project("{2150E333-8FDC-42A3-9474-1A3956D46DE8}") = "Tests", "Tests", "{0BA5821C-B767-4569-B2E7-C2D7ED0986DB}"
EndProject
Project("{FAE04EC0-301F-11D3-BF4B-00C04F79EFBC}") = "Common_UnitTesting", "Tests\Contexts\Common_UnitTesting\Common_UnitTesting.csproj", "{3E5150C1-C44D-4D3B-B4CD-01B31CE22C80}"
EndProject
Project("{FAE04EC0-301F-11D3-BF4B-00C04F79EFBC}") = "Ecommerce_IntegrationTesting", "Tests\Contexts\Ecommerce_IntegrationTesting\Ecommerce_IntegrationTesting.csproj", "{0BAD79EC-72F5-4C6D-832A-E447CBE0BE36}"
EndProject
Project("{2150E333-8FDC-42A3-9474-1A3956D46DE8}") = "Contexts", "Contexts", "{530B9AB5-D8EC-435D-AB63-C01A16451283}"
EndProject
Project("{FAE04EC0-301F-11D3-BF4B-00C04F79EFBC}") = "Ecommerce", "Contexts\Ecommerce\Ecommerce.csproj", "{B06F5F3E-9EE3-428A-A2DF-E5B7332B6BA5}"
EndProject
Project("{FAE04EC0-301F-11D3-BF4B-00C04F79EFBC}") = "Common", "Contexts\Common\Common.csproj", "{D5274078-DDAD-422D-99BE-50BB3BB6B155}"
EndProject
Project("{2150E333-8FDC-42A3-9474-1A3956D46DE8}") = "Apps", "Apps", "{E9683187-733F-45BC-881C-FF7654962048}"
EndProject
Project("{2150E333-8FDC-42A3-9474-1A3956D46DE8}") = "MySaaS", "MySaaS", "{FDA6CD59-F4F7-41AB-8EDB-9FB9DDC72577}"
EndProject
Project("{2150E333-8FDC-42A3-9474-1A3956D46DE8}") = "Backend", "Backend", "{94127A5D-B671-4ABF-9C72-CB704BEF918A}"
EndProject
Project("{FAE04EC0-301F-11D3-BF4B-00C04F79EFBC}") = "Api", "Apps\MySaaS\Backend\Api\Api.csproj", "{B26C3970-7157-4EC6-AA9C-6B358ACAA88F}"
EndProject
Project("{FAE04EC0-301F-11D3-BF4B-00C04F79EFBC}") = "Ecommerce_IntegrationTesting_Program", "Tests\Contexts\Ecommerce_IntegrationTesting_Program\Ecommerce_IntegrationTesting_Program.csproj", "{972342A4-0CC7-46C3-8CE0-B22A17F61CEC}"
EndProject
Global
	GlobalSection(SolutionConfigurationPlatforms) = preSolution
		Debug|Any CPU = Debug|Any CPU
		Release|Any CPU = Release|Any CPU
	EndGlobalSection
	GlobalSection(SolutionProperties) = preSolution
		HideSolutionNode = FALSE
	EndGlobalSection
	GlobalSection(ProjectConfigurationPlatforms) = postSolution
		{3E5150C1-C44D-4D3B-B4CD-01B31CE22C80}.Debug|Any CPU.ActiveCfg = Debug|Any CPU
		{3E5150C1-C44D-4D3B-B4CD-01B31CE22C80}.Debug|Any CPU.Build.0 = Debug|Any CPU
		{3E5150C1-C44D-4D3B-B4CD-01B31CE22C80}.Release|Any CPU.ActiveCfg = Release|Any CPU
		{3E5150C1-C44D-4D3B-B4CD-01B31CE22C80}.Release|Any CPU.Build.0 = Release|Any CPU
		{0BAD79EC-72F5-4C6D-832A-E447CBE0BE36}.Debug|Any CPU.ActiveCfg = Debug|Any CPU
		{0BAD79EC-72F5-4C6D-832A-E447CBE0BE36}.Debug|Any CPU.Build.0 = Debug|Any CPU
		{0BAD79EC-72F5-4C6D-832A-E447CBE0BE36}.Release|Any CPU.ActiveCfg = Release|Any CPU
		{0BAD79EC-72F5-4C6D-832A-E447CBE0BE36}.Release|Any CPU.Build.0 = Release|Any CPU
		{B06F5F3E-9EE3-428A-A2DF-E5B7332B6BA5}.Debug|Any CPU.ActiveCfg = Debug|Any CPU
		{B06F5F3E-9EE3-428A-A2DF-E5B7332B6BA5}.Debug|Any CPU.Build.0 = Debug|Any CPU
		{B06F5F3E-9EE3-428A-A2DF-E5B7332B6BA5}.Release|Any CPU.ActiveCfg = Release|Any CPU
		{B06F5F3E-9EE3-428A-A2DF-E5B7332B6BA5}.Release|Any CPU.Build.0 = Release|Any CPU
		{D5274078-DDAD-422D-99BE-50BB3BB6B155}.Debug|Any CPU.ActiveCfg = Debug|Any CPU
		{D5274078-DDAD-422D-99BE-50BB3BB6B155}.Debug|Any CPU.Build.0 = Debug|Any CPU
		{D5274078-DDAD-422D-99BE-50BB3BB6B155}.Release|Any CPU.ActiveCfg = Release|Any CPU
		{D5274078-DDAD-422D-99BE-50BB3BB6B155}.Release|Any CPU.Build.0 = Release|Any CPU
		{B26C3970-7157-4EC6-AA9C-6B358ACAA88F}.Debug|Any CPU.ActiveCfg = Debug|Any CPU
		{B26C3970-7157-4EC6-AA9C-6B358ACAA88F}.Debug|Any CPU.Build.0 = Debug|Any CPU
		{B26C3970-7157-4EC6-AA9C-6B358ACAA88F}.Release|Any CPU.ActiveCfg = Release|Any CPU
		{B26C3970-7157-4EC6-AA9C-6B358ACAA88F}.Release|Any CPU.Build.0 = Release|Any CPU
		{972342A4-0CC7-46C3-8CE0-B22A17F61CEC}.Debug|Any CPU.ActiveCfg = Debug|Any CPU
		{972342A4-0CC7-46C3-8CE0-B22A17F61CEC}.Debug|Any CPU.Build.0 = Debug|Any CPU
		{972342A4-0CC7-46C3-8CE0-B22A17F61CEC}.Release|Any CPU.ActiveCfg = Release|Any CPU
		{972342A4-0CC7-46C3-8CE0-B22A17F61CEC}.Release|Any CPU.Build.0 = Release|Any CPU
	EndGlobalSection
	GlobalSection(NestedProjects) = preSolution
		{3E5150C1-C44D-4D3B-B4CD-01B31CE22C80} = {0BA5821C-B767-4569-B2E7-C2D7ED0986DB}
		{0BAD79EC-72F5-4C6D-832A-E447CBE0BE36} = {0BA5821C-B767-4569-B2E7-C2D7ED0986DB}
		{B06F5F3E-9EE3-428A-A2DF-E5B7332B6BA5} = {530B9AB5-D8EC-435D-AB63-C01A16451283}
		{D5274078-DDAD-422D-99BE-50BB3BB6B155} = {530B9AB5-D8EC-435D-AB63-C01A16451283}
		{FDA6CD59-F4F7-41AB-8EDB-9FB9DDC72577} = {E9683187-733F-45BC-881C-FF7654962048}
		{94127A5D-B671-4ABF-9C72-CB704BEF918A} = {FDA6CD59-F4F7-41AB-8EDB-9FB9DDC72577}
		{B26C3970-7157-4EC6-AA9C-6B358ACAA88F} = {94127A5D-B671-4ABF-9C72-CB704BEF918A}
		{972342A4-0CC7-46C3-8CE0-B22A17F61CEC} = {0BA5821C-B767-4569-B2E7-C2D7ED0986DB}
	EndGlobalSection
EndGlobal
